
Microsoft Visual Studio Solution File, Format Version 12.00
Project("{FAE04EC0-301F-11D3-BF4B-00C04F79EFBC}") = "Compiler", "Compiler\Compiler.csproj", "{8BCDEA05-1AA4-4FDE-B1B0-53644D072EFE}"
EndProject
Project("{FAE04EC0-301F-11D3-BF4B-00C04F79EFBC}") = "Tests", "Tests\Tests.csproj", "{F8E12766-5B5E-4C50-86D3-D5A20493D12F}"
EndProject
Global
	GlobalSection(SolutionConfigurationPlatforms) = preSolution
		Debug|Any CPU = Debug|Any CPU
		Release|Any CPU = Release|Any CPU
	EndGlobalSection
	GlobalSection(ProjectConfigurationPlatforms) = postSolution
		{8BCDEA05-1AA4-4FDE-B1B0-53644D072EFE}.Debug|Any CPU.ActiveCfg = Debug|Any CPU
		{8BCDEA05-1AA4-4FDE-B1B0-53644D072EFE}.Debug|Any CPU.Build.0 = Debug|Any CPU
		{8BCDEA05-1AA4-4FDE-B1B0-53644D072EFE}.Release|Any CPU.ActiveCfg = Release|Any CPU
		{8BCDEA05-1AA4-4FDE-B1B0-53644D072EFE}.Release|Any CPU.Build.0 = Release|Any CPU
		{F8E12766-5B5E-4C50-86D3-D5A20493D12F}.Debug|Any CPU.ActiveCfg = Debug|Any CPU
		{F8E12766-5B5E-4C50-86D3-D5A20493D12F}.Debug|Any CPU.Build.0 = Debug|Any CPU
		{F8E12766-5B5E-4C50-86D3-D5A20493D12F}.Release|Any CPU.ActiveCfg = Release|Any CPU
		{F8E12766-5B5E-4C50-86D3-D5A20493D12F}.Release|Any CPU.Build.0 = Release|Any CPU
	EndGlobalSection
EndGlobal
