
Microsoft Visual Studio Solution File, Format Version 12.00
Project("{FAE04EC0-301F-11D3-BF4B-00C04F79EFBC}") = "DuxSharp", "DuxSharp.csproj", "{669EF0A2-ACE0-47DD-8C20-DD9C9EB631D6}"
EndProject
Global
	GlobalSection(SolutionConfigurationPlatforms) = preSolution
		Debug|Any CPU = Debug|Any CPU
		Release|Any CPU = Release|Any CPU
	EndGlobalSection
	GlobalSection(ProjectConfigurationPlatforms) = postSolution
		{669EF0A2-ACE0-47DD-8C20-DD9C9EB631D6}.Debug|Any CPU.ActiveCfg = Debug|Any CPU
		{669EF0A2-ACE0-47DD-8C20-DD9C9EB631D6}.Debug|Any CPU.Build.0 = Debug|Any CPU
		{669EF0A2-ACE0-47DD-8C20-DD9C9EB631D6}.Release|Any CPU.ActiveCfg = Release|Any CPU
		{669EF0A2-ACE0-47DD-8C20-DD9C9EB631D6}.Release|Any CPU.Build.0 = Release|Any CPU
	EndGlobalSection
EndGlobal
